PATH
  remote: .
  specs:
    space-cadet (9.0.0)
      async (~> 2.39)
      async-process (~> 1.4)
      dry-cli (~> 1.4)
      dry-monads (~> 1.10)
      pastel (~> 0.8)

GEM
  remote: https://rubygems.org/
  specs:
    async (2.39.0)
      console (~> 1.29)
      fiber-annotation
      io-event (~> 1.11)
      metrics (~> 0.12)
      traces (~> 0.18)
    async-process (1.4.0)
      async (~> 2.0)
    concurrent-ruby (1.3.8)
    console (1.35.1)
      fiber-annotation
      fiber-local (~> 1.1)
      json
    drb (2.2.3)
    dry-cli (1.4.1)
    dry-core (1.2.0)
      concurrent-ruby (~> 1.0)
      logger
      zeitwerk (~> 2.6)
    dry-monads (1.11.0)
      concurrent-ruby (~> 1.0)
      dry-core (~> 1.1)
      zeitwerk (~> 2.6)
    fiber-annotation (0.2.0)
    fiber-local (1.1.0)
      fiber-storage
    fiber-storage (1.0.1)
    io-event (1.16.1)
    json (2.19.7)
    logger (1.7.0)
    metrics (0.15.0)
    minitest (6.0.6)
      drb (~> 2.0)
      prism (~> 1.5)
    pastel (0.8.0)
      tty-color (~> 0.5)
    prism (1.9.0)
    rake (13.4.2)
    traces (0.18.2)
    tty-color (0.6.0)
    zeitwerk (2.8.3)

PLATFORMS
  arm64-darwin-25
  ruby

DEPENDENCIES
  minitest (~> 6.0)
  rake (~> 13.0)
  space-cadet!

CHECKSUMS
  async (2.39.0) sha256=df18730073f2bbb45788077dfa20cb365ecc1b9453969f44de6796b5191a00aa
  async-process (1.4.0) sha256=859c2901b9047b6b8843e9a21ec7f3c626eb04efdcff66185a05ede99257f590
  concurrent-ruby (1.3.8) sha256=b2f1be836e968ccc78ccfce277ea79c72a88633f22306782c16ff23fb415d1e1
  console (1.35.1) sha256=6d2bfdd0bc7e57830540a6c0ce3bc83fff471844db44be89a38aef9f95df296a
  drb (2.2.3) sha256=0b00d6fdb50995fe4a45dea13663493c841112e4068656854646f418fda13373
  dry-cli (1.4.1) sha256=b8015bb76c708aa8705a36faf694973e75eeeffca39b89c8e172dc6f66a7d874
  dry-core (1.2.0) sha256=0cc5a7da88df397f153947eeeae42e876e999c1e30900f3c536fb173854e96a1
  dry-monads (1.11.0) sha256=ffc188512bf90c8ace135a1171a6791e561d5e3a1de6195ce5f9bc190c81e31b
  fiber-annotation (0.2.0) sha256=7abfadf1d119f508867d4103bf231c0354d019cc39a5738945dec2edadaf6c03
  fiber-local (1.1.0) sha256=c885f94f210fb9b05737de65d511136ea602e00c5105953748aa0f8793489f06
  fiber-storage (1.0.1) sha256=f48e5b6d8b0be96dac486332b55cee82240057065dc761c1ea692b2e719240e1
  io-event (1.16.1) sha256=641686f1e919a4890f788b86393026f8ef1394ee4af4d2ab9c24c81e237736ed
  json (2.19.7) sha256=fe432c8639f6efff69f9d73b518a3705d9581ab93156f981ea72806e1e5bcc3e
  logger (1.7.0) sha256=196edec7cc44b66cfb40f9755ce11b392f21f7967696af15d274dde7edff0203
  metrics (0.15.0) sha256=61ded5bac95118e995b1bc9ed4a5f19bc9814928a312a85b200abbdac9039072
  minitest (6.0.6) sha256=153ea36d1d987a62942382b61075745042a2b3123b1cd48f4c3675af9cc7d6f1
  pastel (0.8.0) sha256=481da9fb7d2f6e6b1a08faf11fa10363172dc40fd47848f096ae21209f805a75
  prism (1.9.0) sha256=7b530c6a9f92c24300014919c9dcbc055bf4cdf51ec30aed099b06cd6674ef85
  rake (13.4.2) sha256=cb825b2bd5f1f8e91ca37bddb4b9aaf345551b4731da62949be002fa89283701
  space-cadet (9.0.0)
  traces (0.18.2) sha256=80f1649cb4daace1d7174b81f3b3b7427af0b93047759ba349960cb8f315e214
  tty-color (0.6.0) sha256=6f9c37ca3a4e2367fb2e6d09722762647d6f455c111f05b59f35730eeb24332a
  zeitwerk (2.8.3) sha256=2c85125a8467ce069e20123d1e709a08955c9d29c118c25b46b7b7fafdbb92e5

BUNDLED WITH
  4.0.10
